
Microsoft Visual Studio Solution File, Format Version 12.00
# Visual Studio Version 16
VisualStudioVersion = 16.0.30114.105
MinimumVisualStudioVersion = 10.0.40219.1
Project("{9A19103F-16F7-4668-BE54-9A1E7A4F7556}") = "BackendProcessor", "ConsoleApp1\BackendProcessor.csproj", "{F07EDAAB-7C4B-4FAA-AE21-3C50D7AB607C}"
EndProject
Global
	GlobalSection(SolutionConfigurationPlatforms) = preSolution
		Debug|Any CPU = Debug|Any CPU
		Release|Any CPU = Release|Any CPU
	EndGlobalSection
	GlobalSection(ProjectConfigurationPlatforms) = postSolution
		{F07EDAAB-7C4B-4FAA-AE21-3C50D7AB607C}.Debug|Any CPU.ActiveCfg = Debug|Any CPU
		{F07EDAAB-7C4B-4FAA-AE21-3C50D7AB607C}.Debug|Any CPU.Build.0 = Debug|Any CPU
		{F07EDAAB-7C4B-4FAA-AE21-3C50D7AB607C}.Release|Any CPU.ActiveCfg = Release|Any CPU
		{F07EDAAB-7C4B-4FAA-AE21-3C50D7AB607C}.Release|Any CPU.Build.0 = Release|Any CPU
	EndGlobalSection
	GlobalSection(SolutionProperties) = preSolution
		HideSolutionNode = FALSE
	EndGlobalSection
	GlobalSection(ExtensibilityGlobals) = postSolution
		SolutionGuid = {AA802D65-2C90-4B85-81B5-A94309D0E853}
	EndGlobalSection
EndGlobal
